// !$*UTF8*$!
{
	archiveVersion = 1;
	classes = {
	};
	objectVersion = 50;
	objects = {

/* Begin PBXBuildFile section */
		D029E9FB211AF22A005419CB /* AppDelegate.swift in Sources */ = {isa = PBXBuildFile; fileRef = D029E9FA211AF22A005419CB /* AppDelegate.swift */; };
		D029EA00211AF22A005419CB /* Main.storyboard in Resources */ = {isa = PBXBuildFile; fileRef = D029E9FE211AF22A005419CB /* Main.storyboard */; };
		D029EA03211AF22A005419CB /* mySection.xcdatamodeld in Sources */ = {isa = PBXBuildFile; fileRef = D029EA01211AF22A005419CB /* mySection.xcdatamodeld */; };
		D029EA05211AF22C005419CB /* Assets.xcassets in Resources */ = {isa = PBXBuildFile; fileRef = D029EA04211AF22C005419CB /* Assets.xcassets */; };
		D029EA08211AF22C005419CB /* LaunchScreen.storyboard in Resources */ = {isa = PBXBuildFile; fileRef = D029EA06211AF22C005419CB /* LaunchScreen.storyboard */; };
		D029EA10211AF32C005419CB /* TableViewController.swift in Sources */ = {isa = PBXBuildFile; fileRef = D029EA0F211AF32C005419CB /* TableViewController.swift */; };
		D029EA14211AF770005419CB /* RecordFile.swift in Sources */ = {isa = PBXBuildFile; fileRef = D029EA13211AF770005419CB /* RecordFile.swift */; };
		D029EA16211AFB25005419CB /* DetailTableViewController.swift in Sources */ = {isa = PBXBuildFile; fileRef = D029EA15211AFB25005419CB /* DetailTableViewController.swift */; };
/* End PBXBuildFile section */

/* Begin PBXFileReference section */
		D029E9F7211AF22A005419CB /* mySection.app */ = {isa = PBXFileReference; explicitFileType = wrapper.application; includeInIndex = 0; path = mySection.app; sourceTree = BUILT_PRODUCTS_DIR; };
		D029E9FA211AF22A005419CB /* AppDelegate.swift */ = {isa = PBXFileReference; lastKnownFileType = sourcecode.swift; path = AppDelegate.swift; sourceTree = "<group>"; };
		D029E9FF211AF22A005419CB /* Base */ = {isa = PBXFileReference; lastKnownFileType = file.storyboard; name = Base; path = Base.lproj/Main.storyboard; sourceTree = "<group>"; };
		D029EA02211AF22A005419CB /* mySection.xcdatamodel */ = {isa = PBXFileReference; lastKnownFileType = wrapper.xcdatamodel; path = mySection.xcdatamodel; sourceTree = "<group>"; };
		D029EA04211AF22C005419CB /* Assets.xcassets */ = {isa = PBXFileReference; lastKnownFileType = folder.assetcatalog; path = Assets.xcassets; sourceTree = "<group>"; };
		D029EA07211AF22C005419CB /* Base */ = {isa = PBXFileReference; lastKnownFileType = file.storyboard; name = Base; path = Base.lproj/LaunchScreen.storyboard; sourceTree = "<group>"; };
		D029EA09211AF22C005419CB /* Info.plist */ = {isa = PBXFileReference; lastKnownFileType = text.plist.xml; path = Info.plist; sourceTree = "<group>"; };
		D029EA0F211AF32C005419CB /* TableViewController.swift */ = {isa = PBXFileReference; lastKnownFileType = sourcecode.swift; path = TableViewController.swift; sourceTree = "<group>"; };
		D029EA13211AF770005419CB /* RecordFile.swift */ = {isa = PBXFileReference; lastKnownFileType = sourcecode.swift; path = RecordFile.swift; sourceTree = "<group>"; };
		D029EA15211AFB25005419CB /* DetailTableViewController.swift */ = {isa = PBXFileReference; lastKnownFileType = sourcecode.swift; path = DetailTableViewController.swift; sourceTree = "<group>"; };
/* End PBXFileReference section */

/* Begin PBXFrameworksBuildPhase section */
		D029E9F4211AF22A005419CB /* Frameworks */ = {
			isa = PBXFrameworksBuildPhase;
			buildActionMask = 2147483647;
			files = (
			);
			runOnlyForDeploymentPostprocessing = 0;
		};
/* End PBXFrameworksBuildPhase section */

/* Begin PBXGroup section */
		D029E9EE211AF22A005419CB = {
			isa = PBXGroup;
			children = (
				D029E9F9211AF22A005419CB /* mySection */,
				D029E9F8211AF22A005419CB /* Products */,
			);
			sourceTree = "<group>";
		};
		D029E9F8211AF22A005419CB /* Products */ = {
			isa = PBXGroup;
			children = (
				D029E9F7211AF22A005419CB /* mySection.app */,
			);
			name = Products;
			sourceTree = "<group>";
		};
		D029E9F9211AF22A005419CB /* mySection */ = {
			isa = PBXGroup;
			children = (
				D029E9FA211AF22A005419CB /* AppDelegate.swift */,
				D029E9FE211AF22A005419CB /* Main.storyboard */,
				D029EA04211AF22C005419CB /* Assets.xcassets */,
				D029EA06211AF22C005419CB /* LaunchScreen.storyboard */,
				D029EA09211AF22C005419CB /* Info.plist */,
				D029EA01211AF22A005419CB /* mySection.xcdatamodeld */,
				D029EA0F211AF32C005419CB /* TableViewController.swift */,
				D029EA13211AF770005419CB /* RecordFile.swift */,
				D029EA15211AFB25005419CB /* DetailTableViewController.swift */,
			);
			path = mySection;
			sourceTree = "<group>";
		};
/* End PBXGroup section */

/* Begin PBXNativeTarget section */
		D029E9F6211AF22A005419CB /* mySection */ = {
			isa = PBXNativeTarget;
			buildConfigurationList = D029EA0C211AF22C005419CB /* Build configuration list for PBXNativeTarget "mySection" */;
			buildPhases = (
				D029E9F3211AF22A005419CB /* Sources */,
				D029E9F4211AF22A005419CB /* Frameworks */,
				D029E9F5211AF22A005419CB /* Resources */,
			);
			buildRules = (
			);
			dependencies = (
			);
			name = mySection;
			productName = mySection;
			productReference = D029E9F7211AF22A005419CB /* mySection.app */;
			productType = "com.apple.product-type.application";
		};
/* End PBXNativeTarget section */

/* Begin PBXProject section */
		D029E9EF211AF22A005419CB /* Project object */ = {
			isa = PBXProject;
			attributes = {
				LastSwiftUpdateCheck = 0940;
				LastUpgradeCheck = 0940;
				ORGANIZATIONNAME = ahnYeLim;
				TargetAttributes = {
					D029E9F6211AF22A005419CB = {
						CreatedOnToolsVersion = 9.4.1;
					};
				};
			};
			buildConfigurationList = D029E9F2211AF22A005419CB /* Build configuration list for PBXProject "mySection" */;
			compatibilityVersion = "Xcode 9.3";
			developmentRegion = en;
			hasScannedForEncodings = 0;
			knownRegions = (
				en,
				Base,
			);
			mainGroup = D029E9EE211AF22A005419CB;
			productRefGroup = D029E9F8211AF22A005419CB /* Products */;
			projectDirPath = "";
			projectRoot = "";
			targets = (
				D029E9F6211AF22A005419CB /* mySection */,
			);
		};
/* End PBXProject section */

/* Begin PBXResourcesBuildPhase section */
		D029E9F5211AF22A005419CB /* Resources */ = {
			isa = PBXResourcesBuildPhase;
			buildActionMask = 2147483647;
			files = (
				D029EA08211AF22C005419CB /* LaunchScreen.storyboard in Resources */,
				D029EA05211AF22C005419CB /* Assets.xcassets in Resources */,
				D029EA00211AF22A005419CB /* Main.storyboard in Resources */,
			);
			runOnlyForDeploymentPostprocessing = 0;
		};
/* End PBXResourcesBuildPhase section */

/* Begin PBXSourcesBuildPhase section */
		D029E9F3211AF22A005419CB /* Sources */ = {
			isa = PBXSourcesBuildPhase;
			buildActionMask = 2147483647;
			files = (
				D029EA03211AF22A005419CB /* mySection.xcdatamodeld in Sources */,
				D029EA16211AFB25005419CB /* DetailTableViewController.swift in Sources */,
				D029EA14211AF770005419CB /* RecordFile.swift in Sources */,
				D029E9FB211AF22A005419CB /* AppDelegate.swift in Sources */,
				D029EA10211AF32C005419CB /* TableViewController.swift in Sources */,
			);
			runOnlyForDeploymentPostprocessing = 0;
		};
/* End PBXSourcesBuildPhase section */

/* Begin PBXVariantGroup section */
		D029E9FE211AF22A005419CB /* Main.storyboard */ = {
			isa = PBXVariantGroup;
			children = (
				D029E9FF211AF22A005419CB /* Base */,
			);
			name = Main.storyboard;
			sourceTree = "<group>";
		};
		D029EA06211AF22C005419CB /* LaunchScreen.storyboard */ = {
			isa = PBXVariantGroup;
			children = (
				D029EA07211AF22C005419CB /* Base */,
			);
			name = LaunchScreen.storyboard;
			sourceTree = "<group>";
		};
/* End PBXVariantGroup section */

/* Begin XCBuildConfiguration section */
		D029EA0A211AF22C005419CB /* Debug */ = {
			isa = XCBuildConfiguration;
			buildSettings = {
				ALWAYS_SEARCH_USER_PATHS = NO;
				CLANG_ANALYZER_NONNULL = YES;
				CLANG_ANALYZER_NUMBER_OBJECT_CONVERSION = YES_AGGRESSIVE;
				CLANG_CXX_LANGUAGE_STANDARD = "gnu++14";
				CLANG_CXX_LIBRARY = "libc++";
				CLANG_ENABLE_MODULES = YES;
				CLANG_ENABLE_OBJC_ARC = YES;
				CLANG_ENABLE_OBJC_WEAK = YES;
				CLANG_WARN_BLOCK_CAPTURE_AUTORELEASING = YES;
				CLANG_WARN_BOOL_CONVERSION = YES;
				CLANG_WARN_COMMA = YES;
				CLANG_WARN_CONSTANT_CONVERSION = YES;
				CLANG_WARN_DEPRECATED_OBJC_IMPLEMENTATIONS = YES;
				CLANG_WARN_DIRECT_OBJC_ISA_USAGE = YES_ERROR;
				CLANG_WARN_DOCUMENTATION_COMMENTS = YES;
				CLANG_WARN_EMPTY_BODY = YES;
				CLANG_WARN_ENUM_CONVERSION = YES;
				CLANG_WARN_INFINITE_RECURSION = YES;
				CLANG_WARN_INT_CONVERSION = YES;
				CLANG_WARN_NON_LITERAL_NULL_CONVERSION = YES;
				CLANG_WARN_OBJC_IMPLICIT_RETAIN_SELF = YES;
				CLANG_WARN_OBJC_LITERAL_CONVERSION = YES;
				CLANG_WARN_OBJC_ROOT_CLASS = YES_ERROR;
				CLANG_WARN_RANGE_LOOP_ANALYSIS = YES;
				CLANG_WARN_STRICT_PROTOTYPES = YES;
				CLANG_WARN_SUSPICIOUS_MOVE = YES;
				CLANG_WARN_UNGUARDED_AVAILABILITY = YES_AGGRESSIVE;
				CLANG_WARN_UNREACHABLE_CODE = YES;
				CLANG_WARN__DUPLICATE_METHOD_MATCH = YES;
				CODE_SIGN_IDENTITY = "iPhone Developer";
				COPY_PHASE_STRIP = NO;
				DEBUG_INFORMATION_FORMAT = dwarf;
				ENABLE_STRICT_OBJC_MSGSEND = YES;
				ENABLE_TESTABILITY = YES;
				GCC_C_LANGUAGE_STANDARD = gnu11;
				GCC_DYNAMIC_NO_PIC = NO;
				GCC_NO_COMMON_BLOCKS = YES;
				GCC_OPTIMIZATION_LEVEL = 0;
				GCC_PREPROCESSOR_DEFINITIONS = (
					"DEBUG=1",
					"$(inherited)",
				);
				GCC_WARN_64_TO_32_BIT_CONVERSION = YES;
				GCC_WARN_ABOUT_RETURN_TYPE = YES_ERROR;
				GCC_WARN_UNDECLARED_SELECTOR = YES;
				GCC_WARN_UNINITIALIZED_AUTOS = YES_AGGRESSIVE;
				GCC_WARN_UNUSED_FUNCTION = YES;
				GCC_WARN_UNUSED_VARIABLE = YES;
				IPHONEOS_DEPLOYMENT_TARGET = 11.4;
				MTL_ENABLE_DEBUG_INFO = YES;
				ONLY_ACTIVE_ARCH = YES;
				SDKROOT = iphoneos;
				SWIFT_ACTIVE_COMPILATION_CONDITIONS = DEBUG;
				SWIFT_OPTIMIZATION_LEVEL = "-Onone";
			};
			name = Debug;
		};
		D029EA0B211AF22C005419CB /* Release */ = {
			isa = XCBuildConfiguration;
			buildSettings = {
				ALWAYS_SEARCH_USER_PATHS = NO;
				CLANG_ANALYZER_NONNULL = YES;
				CLANG_ANALYZER_NUMBER_OBJECT_CONVERSION = YES_AGGRESSIVE;
				CLANG_CXX_LANGUAGE_STANDARD = "gnu++14";
				CLANG_CXX_LIBRARY = "libc++";
				CLANG_ENABLE_MODULES = YES;
				CLANG_ENABLE_OBJC_ARC = YES;
				CLANG_ENABLE_OBJC_WEAK = YES;
				CLANG_WARN_BLOCK_CAPTURE_AUTORELEASING = YES;
				CLANG_WARN_BOOL_CONVERSION = YES;
				CLANG_WARN_COMMA = YES;
				CLANG_WARN_CONSTANT_CONVERSION = YES;
				CLANG_WARN_DEPRECATED_OBJC_IMPLEMENTATIONS = YES;
				CLANG_WARN_DIRECT_OBJC_ISA_USAGE = YES_ERROR;
				CLANG_WARN_DOCUMENTATION_COMMENTS = YES;
				CLANG_WARN_EMPTY_BODY = YES;
				CLANG_WARN_ENUM_CONVERSION = YES;
				CLANG_WARN_INFINITE_RECURSION = YES;
				CLANG_WARN_INT_CONVERSION = YES;
				CLANG_WARN_NON_LITERAL_NULL_CONVERSION = YES;
				CLANG_WARN_OBJC_IMPLICIT_RETAIN_SELF = YES;
				CLANG_WARN_OBJC_LITERAL_CONVERSION = YES;
				CLANG_WARN_OBJC_ROOT_CLASS = YES_ERROR;
				CLANG_WARN_RANGE_LOOP_ANALYSIS = YES;
				CLANG_WARN_STRICT_PROTOTYPES = YES;
				CLANG_WARN_SUSPICIOUS_MOVE = YES;
				CLANG_WARN_UNGUARDED_AVAILABILITY = YES_AGGRESSIVE;
				CLANG_WARN_UNREACHABLE_CODE = YES;
				CLANG_WARN__DUPLICATE_METHOD_MATCH = YES;
				CODE_SIGN_IDENTITY = "iPhone Developer";
				COPY_PHASE_STRIP = NO;
				DEBUG_INFORMATION_FORMAT = "dwarf-with-dsym";
				ENABLE_NS_ASSERTIONS = NO;
				ENABLE_STRICT_OBJC_MSGSEND = YES;
				GCC_C_LANGUAGE_STANDARD = gnu11;
				GCC_NO_COMMON_BLOCKS = YES;
				GCC_WARN_64_TO_32_BIT_CONVERSION = YES;
				GCC_WARN_ABOUT_RETURN_TYPE = YES_ERROR;
				GCC_WARN_UNDECLARED_SELECTOR = YES;
				GCC_WARN_UNINITIALIZED_AUTOS = YES_AGGRESSIVE;
				GCC_WARN_UNUSED_FUNCTION = YES;
				GCC_WARN_UNUSED_VARIABLE = YES;
				IPHONEOS_DEPLOYMENT_TARGET = 11.4;
				MTL_ENABLE_DEBUG_INFO = NO;
				SDKROOT = iphoneos;
				SWIFT_COMPILATION_MODE = wholemodule;
				SWIFT_OPTIMIZATION_LEVEL = "-O";
				VALIDATE_PRODUCT = YES;
			};
			name = Release;
		};
		D029EA0D211AF22C005419CB /* Debug */ = {
			isa = XCBuildConfiguration;
			buildSettings = {
				ASSETCATALOG_COMPILER_APPICON_NAME = AppIcon;
				CODE_SIGN_STYLE = Automatic;
				INFOPLIST_FILE = mySection/Info.plist;
				LD_RUNPATH_SEARCH_PATHS = (
					"$(inherited)",
					"@executable_path/Frameworks",
				);
				PRODUCT_BUNDLE_IDENTIFIER = tableView.mySection;
				PRODUCT_NAME = "$(TARGET_NAME)";
				SWIFT_VERSION = 4.0;
				TARGETED_DEVICE_FAMILY = "1,2";
			};
			name = Debug;
		};
		D029EA0E211AF22C005419CB /* Release */ = {
			isa = XCBuildConfiguration;
			buildSettings = {
				ASSETCATALOG_COMPILER_APPICON_NAME = AppIcon;
				CODE_SIGN_STYLE = Automatic;
				INFOPLIST_FILE = mySection/Info.plist;
				LD_RUNPATH_SEARCH_PATHS = (
					"$(inherited)",
					"@executable_path/Frameworks",
				);
				PRODUCT_BUNDLE_IDENTIFIER = tableView.mySection;
				PRODUCT_NAME = "$(TARGET_NAME)";
				SWIFT_VERSION = 4.0;
				TARGETED_DEVICE_FAMILY = "1,2";
			};
			name = Release;
		};
/* End XCBuildConfiguration section */

/* Begin XCConfigurationList section */
		D029E9F2211AF22A005419CB /* Build configuration list for PBXProject "mySection" */ = {
			isa = XCConfigurationList;
			buildConfigurations = (
				D029EA0A211AF22C005419CB /* Debug */,
				D029EA0B211AF22C005419CB /* Release */,
			);
			defaultConfigurationIsVisible = 0;
			defaultConfigurationName = Release;
		};
		D029EA0C211AF22C005419CB /* Build configuration list for PBXNativeTarget "mySection" */ = {
			isa = XCConfigurationList;
			buildConfigurations = (
				D029EA0D211AF22C005419CB /* Debug */,
				D029EA0E211AF22C005419CB /* Release */,
			);
			defaultConfigurationIsVisible = 0;
			defaultConfigurationName = Release;
		};
/* End XCConfigurationList section */

/* Begin XCVersionGroup section */
		D029EA01211AF22A005419CB /* mySection.xcdatamodeld */ = {
			isa = XCVersionGroup;
			children = (
				D029EA02211AF22A005419CB /* mySection.xcdatamodel */,
			);
			currentVersion = D029EA02211AF22A005419CB /* mySection.xcdatamodel */;
			path = mySection.xcdatamodeld;
			sourceTree = "<group>";
			versionGroupType = wrapper.xcdatamodel;
		};
/* End XCVersionGroup section */
	};
	rootObject = D029E9EF211AF22A005419CB /* Project object */;
}
