// !$*UTF8*$!
{
	archiveVersion = 1;
	classes = {
	};
	objectVersion = 50;
	objects = {

/* Begin PBXBuildFile section */
		D00BF73D210EF5FE00FFFDBD /* RecordFile.swift in Sources */ = {isa = PBXBuildFile; fileRef = D00BF73C210EF5FE00FFFDBD /* RecordFile.swift */; };
		D00BF741210F019D00FFFDBD /* DetailTableViewController.swift in Sources */ = {isa = PBXBuildFile; fileRef = D00BF740210F019D00FFFDBD /* DetailTableViewController.swift */; };
		D0134D2B210C9999006FCDA5 /* AppDelegate.swift in Sources */ = {isa = PBXBuildFile; fileRef = D0134D2A210C9999006FCDA5 /* AppDelegate.swift */; };
		D0134D30210C9999006FCDA5 /* Main.storyboard in Resources */ = {isa = PBXBuildFile; fileRef = D0134D2E210C9999006FCDA5 /* Main.storyboard */; };
		D0134D32210C999A006FCDA5 /* Assets.xcassets in Resources */ = {isa = PBXBuildFile; fileRef = D0134D31210C999A006FCDA5 /* Assets.xcassets */; };
		D0134D35210C999B006FCDA5 /* LaunchScreen.storyboard in Resources */ = {isa = PBXBuildFile; fileRef = D0134D33210C999B006FCDA5 /* LaunchScreen.storyboard */; };
		D0134D3D210C9AFE006FCDA5 /* MainTableViewController.swift in Sources */ = {isa = PBXBuildFile; fileRef = D0134D3C210C9AFE006FCDA5 /* MainTableViewController.swift */; };
/* End PBXBuildFile section */

/* Begin PBXFileReference section */
		D00BF73C210EF5FE00FFFDBD /* RecordFile.swift */ = {isa = PBXFileReference; lastKnownFileType = sourcecode.swift; path = RecordFile.swift; sourceTree = "<group>"; };
		D00BF740210F019D00FFFDBD /* DetailTableViewController.swift */ = {isa = PBXFileReference; lastKnownFileType = sourcecode.swift; path = DetailTableViewController.swift; sourceTree = "<group>"; };
		D0134D27210C9999006FCDA5 /* finalTableView.app */ = {isa = PBXFileReference; explicitFileType = wrapper.application; includeInIndex = 0; path = finalTableView.app; sourceTree = BUILT_PRODUCTS_DIR; };
		D0134D2A210C9999006FCDA5 /* AppDelegate.swift */ = {isa = PBXFileReference; lastKnownFileType = sourcecode.swift; path = AppDelegate.swift; sourceTree = "<group>"; };
		D0134D2F210C9999006FCDA5 /* Base */ = {isa = PBXFileReference; lastKnownFileType = file.storyboard; name = Base; path = Base.lproj/Main.storyboard; sourceTree = "<group>"; };
		D0134D31210C999A006FCDA5 /* Assets.xcassets */ = {isa = PBXFileReference; lastKnownFileType = folder.assetcatalog; path = Assets.xcassets; sourceTree = "<group>"; };
		D0134D34210C999B006FCDA5 /* Base */ = {isa = PBXFileReference; lastKnownFileType = file.storyboard; name = Base; path = Base.lproj/LaunchScreen.storyboard; sourceTree = "<group>"; };
		D0134D36210C999B006FCDA5 /* Info.plist */ = {isa = PBXFileReference; lastKnownFileType = text.plist.xml; path = Info.plist; sourceTree = "<group>"; };
		D0134D3C210C9AFE006FCDA5 /* MainTableViewController.swift */ = {isa = PBXFileReference; lastKnownFileType = sourcecode.swift; path = MainTableViewController.swift; sourceTree = "<group>"; };
/* End PBXFileReference section */

/* Begin PBXFrameworksBuildPhase section */
		D0134D24210C9999006FCDA5 /* Frameworks */ = {
			isa = PBXFrameworksBuildPhase;
			buildActionMask = 2147483647;
			files = (
			);
			runOnlyForDeploymentPostprocessing = 0;
		};
/* End PBXFrameworksBuildPhase section */

/* Begin PBXGroup section */
		D0134D1E210C9999006FCDA5 = {
			isa = PBXGroup;
			children = (
				D0134D29210C9999006FCDA5 /* finalTableView */,
				D0134D28210C9999006FCDA5 /* Products */,
			);
			sourceTree = "<group>";
		};
		D0134D28210C9999006FCDA5 /* Products */ = {
			isa = PBXGroup;
			children = (
				D0134D27210C9999006FCDA5 /* finalTableView.app */,
			);
			name = Products;
			sourceTree = "<group>";
		};
		D0134D29210C9999006FCDA5 /* finalTableView */ = {
			isa = PBXGroup;
			children = (
				D0134D2A210C9999006FCDA5 /* AppDelegate.swift */,
				D0134D2E210C9999006FCDA5 /* Main.storyboard */,
				D0134D31210C999A006FCDA5 /* Assets.xcassets */,
				D0134D33210C999B006FCDA5 /* LaunchScreen.storyboard */,
				D0134D36210C999B006FCDA5 /* Info.plist */,
				D0134D3C210C9AFE006FCDA5 /* MainTableViewController.swift */,
				D00BF73C210EF5FE00FFFDBD /* RecordFile.swift */,
				D00BF740210F019D00FFFDBD /* DetailTableViewController.swift */,
			);
			path = finalTableView;
			sourceTree = "<group>";
		};
/* End PBXGroup section */

/* Begin PBXNativeTarget section */
		D0134D26210C9999006FCDA5 /* finalTableView */ = {
			isa = PBXNativeTarget;
			buildConfigurationList = D0134D39210C999B006FCDA5 /* Build configuration list for PBXNativeTarget "finalTableView" */;
			buildPhases = (
				D0134D23210C9999006FCDA5 /* Sources */,
				D0134D24210C9999006FCDA5 /* Frameworks */,
				D0134D25210C9999006FCDA5 /* Resources */,
			);
			buildRules = (
			);
			dependencies = (
			);
			name = finalTableView;
			productName = finalTableView;
			productReference = D0134D27210C9999006FCDA5 /* finalTableView.app */;
			productType = "com.apple.product-type.application";
		};
/* End PBXNativeTarget section */

/* Begin PBXProject section */
		D0134D1F210C9999006FCDA5 /* Project object */ = {
			isa = PBXProject;
			attributes = {
				LastSwiftUpdateCheck = 0940;
				LastUpgradeCheck = 0940;
				ORGANIZATIONNAME = ahnYeLim;
				TargetAttributes = {
					D0134D26210C9999006FCDA5 = {
						CreatedOnToolsVersion = 9.4.1;
					};
				};
			};
			buildConfigurationList = D0134D22210C9999006FCDA5 /* Build configuration list for PBXProject "finalTableView" */;
			compatibilityVersion = "Xcode 9.3";
			developmentRegion = en;
			hasScannedForEncodings = 0;
			knownRegions = (
				en,
				Base,
			);
			mainGroup = D0134D1E210C9999006FCDA5;
			productRefGroup = D0134D28210C9999006FCDA5 /* Products */;
			projectDirPath = "";
			projectRoot = "";
			targets = (
				D0134D26210C9999006FCDA5 /* finalTableView */,
			);
		};
/* End PBXProject section */

/* Begin PBXResourcesBuildPhase section */
		D0134D25210C9999006FCDA5 /* Resources */ = {
			isa = PBXResourcesBuildPhase;
			buildActionMask = 2147483647;
			files = (
				D0134D35210C999B006FCDA5 /* LaunchScreen.storyboard in Resources */,
				D0134D32210C999A006FCDA5 /* Assets.xcassets in Resources */,
				D0134D30210C9999006FCDA5 /* Main.storyboard in Resources */,
			);
			runOnlyForDeploymentPostprocessing = 0;
		};
/* End PBXResourcesBuildPhase section */

/* Begin PBXSourcesBuildPhase section */
		D0134D23210C9999006FCDA5 /* Sources */ = {
			isa = PBXSourcesBuildPhase;
			buildActionMask = 2147483647;
			files = (
				D00BF741210F019D00FFFDBD /* DetailTableViewController.swift in Sources */,
				D0134D3D210C9AFE006FCDA5 /* MainTableViewController.swift in Sources */,
				D00BF73D210EF5FE00FFFDBD /* RecordFile.swift in Sources */,
				D0134D2B210C9999006FCDA5 /* AppDelegate.swift in Sources */,
			);
			runOnlyForDeploymentPostprocessing = 0;
		};
/* End PBXSourcesBuildPhase section */

/* Begin PBXVariantGroup section */
		D0134D2E210C9999006FCDA5 /* Main.storyboard */ = {
			isa = PBXVariantGroup;
			children = (
				D0134D2F210C9999006FCDA5 /* Base */,
			);
			name = Main.storyboard;
			sourceTree = "<group>";
		};
		D0134D33210C999B006FCDA5 /* LaunchScreen.storyboard */ = {
			isa = PBXVariantGroup;
			children = (
				D0134D34210C999B006FCDA5 /* Base */,
			);
			name = LaunchScreen.storyboard;
			sourceTree = "<group>";
		};
/* End PBXVariantGroup section */

/* Begin XCBuildConfiguration section */
		D0134D37210C999B006FCDA5 /* Debug */ = {
			isa = XCBuildConfiguration;
			buildSettings = {
				ALWAYS_SEARCH_USER_PATHS = NO;
				CLANG_ANALYZER_NONNULL = YES;
				CLANG_ANALYZER_NUMBER_OBJECT_CONVERSION = YES_AGGRESSIVE;
				CLANG_CXX_LANGUAGE_STANDARD = "gnu++14";
				CLANG_CXX_LIBRARY = "libc++";
				CLANG_ENABLE_MODULES = YES;
				CLANG_ENABLE_OBJC_ARC = YES;
				CLANG_ENABLE_OBJC_WEAK = YES;
				CLANG_WARN_BLOCK_CAPTURE_AUTORELEASING = YES;
				CLANG_WARN_BOOL_CONVERSION = YES;
				CLANG_WARN_COMMA = YES;
				CLANG_WARN_CONSTANT_CONVERSION = YES;
				CLANG_WARN_DEPRECATED_OBJC_IMPLEMENTATIONS = YES;
				CLANG_WARN_DIRECT_OBJC_ISA_USAGE = YES_ERROR;
				CLANG_WARN_DOCUMENTATION_COMMENTS = YES;
				CLANG_WARN_EMPTY_BODY = YES;
				CLANG_WARN_ENUM_CONVERSION = YES;
				CLANG_WARN_INFINITE_RECURSION = YES;
				CLANG_WARN_INT_CONVERSION = YES;
				CLANG_WARN_NON_LITERAL_NULL_CONVERSION = YES;
				CLANG_WARN_OBJC_IMPLICIT_RETAIN_SELF = YES;
				CLANG_WARN_OBJC_LITERAL_CONVERSION = YES;
				CLANG_WARN_OBJC_ROOT_CLASS = YES_ERROR;
				CLANG_WARN_RANGE_LOOP_ANALYSIS = YES;
				CLANG_WARN_STRICT_PROTOTYPES = YES;
				CLANG_WARN_SUSPICIOUS_MOVE = YES;
				CLANG_WARN_UNGUARDED_AVAILABILITY = YES_AGGRESSIVE;
				CLANG_WARN_UNREACHABLE_CODE = YES;
				CLANG_WARN__DUPLICATE_METHOD_MATCH = YES;
				CODE_SIGN_IDENTITY = "iPhone Developer";
				COPY_PHASE_STRIP = NO;
				DEBUG_INFORMATION_FORMAT = dwarf;
				ENABLE_STRICT_OBJC_MSGSEND = YES;
				ENABLE_TESTABILITY = YES;
				GCC_C_LANGUAGE_STANDARD = gnu11;
				GCC_DYNAMIC_NO_PIC = NO;
				GCC_NO_COMMON_BLOCKS = YES;
				GCC_OPTIMIZATION_LEVEL = 0;
				GCC_PREPROCESSOR_DEFINITIONS = (
					"DEBUG=1",
					"$(inherited)",
				);
				GCC_WARN_64_TO_32_BIT_CONVERSION = YES;
				GCC_WARN_ABOUT_RETURN_TYPE = YES_ERROR;
				GCC_WARN_UNDECLARED_SELECTOR = YES;
				GCC_WARN_UNINITIALIZED_AUTOS = YES_AGGRESSIVE;
				GCC_WARN_UNUSED_FUNCTION = YES;
				GCC_WARN_UNUSED_VARIABLE = YES;
				IPHONEOS_DEPLOYMENT_TARGET = 11.4;
				MTL_ENABLE_DEBUG_INFO = YES;
				ONLY_ACTIVE_ARCH = YES;
				SDKROOT = iphoneos;
				SWIFT_ACTIVE_COMPILATION_CONDITIONS = DEBUG;
				SWIFT_OPTIMIZATION_LEVEL = "-Onone";
			};
			name = Debug;
		};
		D0134D38210C999B006FCDA5 /* Release */ = {
			isa = XCBuildConfiguration;
			buildSettings = {
				ALWAYS_SEARCH_USER_PATHS = NO;
				CLANG_ANALYZER_NONNULL = YES;
				CLANG_ANALYZER_NUMBER_OBJECT_CONVERSION = YES_AGGRESSIVE;
				CLANG_CXX_LANGUAGE_STANDARD = "gnu++14";
				CLANG_CXX_LIBRARY = "libc++";
				CLANG_ENABLE_MODULES = YES;
				CLANG_ENABLE_OBJC_ARC = YES;
				CLANG_ENABLE_OBJC_WEAK = YES;
				CLANG_WARN_BLOCK_CAPTURE_AUTORELEASING = YES;
				CLANG_WARN_BOOL_CONVERSION = YES;
				CLANG_WARN_COMMA = YES;
				CLANG_WARN_CONSTANT_CONVERSION = YES;
				CLANG_WARN_DEPRECATED_OBJC_IMPLEMENTATIONS = YES;
				CLANG_WARN_DIRECT_OBJC_ISA_USAGE = YES_ERROR;
				CLANG_WARN_DOCUMENTATION_COMMENTS = YES;
				CLANG_WARN_EMPTY_BODY = YES;
				CLANG_WARN_ENUM_CONVERSION = YES;
				CLANG_WARN_INFINITE_RECURSION = YES;
				CLANG_WARN_INT_CONVERSION = YES;
				CLANG_WARN_NON_LITERAL_NULL_CONVERSION = YES;
				CLANG_WARN_OBJC_IMPLICIT_RETAIN_SELF = YES;
				CLANG_WARN_OBJC_LITERAL_CONVERSION = YES;
				CLANG_WARN_OBJC_ROOT_CLASS = YES_ERROR;
				CLANG_WARN_RANGE_LOOP_ANALYSIS = YES;
				CLANG_WARN_STRICT_PROTOTYPES = YES;
				CLANG_WARN_SUSPICIOUS_MOVE = YES;
				CLANG_WARN_UNGUARDED_AVAILABILITY = YES_AGGRESSIVE;
				CLANG_WARN_UNREACHABLE_CODE = YES;
				CLANG_WARN__DUPLICATE_METHOD_MATCH = YES;
				CODE_SIGN_IDENTITY = "iPhone Developer";
				COPY_PHASE_STRIP = NO;
				DEBUG_INFORMATION_FORMAT = "dwarf-with-dsym";
				ENABLE_NS_ASSERTIONS = NO;
				ENABLE_STRICT_OBJC_MSGSEND = YES;
				GCC_C_LANGUAGE_STANDARD = gnu11;
				GCC_NO_COMMON_BLOCKS = YES;
				GCC_WARN_64_TO_32_BIT_CONVERSION = YES;
				GCC_WARN_ABOUT_RETURN_TYPE = YES_ERROR;
				GCC_WARN_UNDECLARED_SELECTOR = YES;
				GCC_WARN_UNINITIALIZED_AUTOS = YES_AGGRESSIVE;
				GCC_WARN_UNUSED_FUNCTION = YES;
				GCC_WARN_UNUSED_VARIABLE = YES;
				IPHONEOS_DEPLOYMENT_TARGET = 11.4;
				MTL_ENABLE_DEBUG_INFO = NO;
				SDKROOT = iphoneos;
				SWIFT_COMPILATION_MODE = wholemodule;
				SWIFT_OPTIMIZATION_LEVEL = "-O";
				VALIDATE_PRODUCT = YES;
			};
			name = Release;
		};
		D0134D3A210C999B006FCDA5 /* Debug */ = {
			isa = XCBuildConfiguration;
			buildSettings = {
				ASSETCATALOG_COMPILER_APPICON_NAME = AppIcon;
				CODE_SIGN_STYLE = Automatic;
				DEVELOPMENT_TEAM = 95CRCSRLZ7;
				INFOPLIST_FILE = finalTableView/Info.plist;
				LD_RUNPATH_SEARCH_PATHS = (
					"$(inherited)",
					"@executable_path/Frameworks",
				);
				PRODUCT_BUNDLE_IDENTIFIER = tableView.finalTableView;
				PRODUCT_NAME = "$(TARGET_NAME)";
				SWIFT_VERSION = 4.0;
				TARGETED_DEVICE_FAMILY = "1,2";
			};
			name = Debug;
		};
		D0134D3B210C999B006FCDA5 /* Release */ = {
			isa = XCBuildConfiguration;
			buildSettings = {
				ASSETCATALOG_COMPILER_APPICON_NAME = AppIcon;
				CODE_SIGN_STYLE = Automatic;
				DEVELOPMENT_TEAM = 95CRCSRLZ7;
				INFOPLIST_FILE = finalTableView/Info.plist;
				LD_RUNPATH_SEARCH_PATHS = (
					"$(inherited)",
					"@executable_path/Frameworks",
				);
				PRODUCT_BUNDLE_IDENTIFIER = tableView.finalTableView;
				PRODUCT_NAME = "$(TARGET_NAME)";
				SWIFT_VERSION = 4.0;
				TARGETED_DEVICE_FAMILY = "1,2";
			};
			name = Release;
		};
/* End XCBuildConfiguration section */

/* Begin XCConfigurationList section */
		D0134D22210C9999006FCDA5 /* Build configuration list for PBXProject "finalTableView" */ = {
			isa = XCConfigurationList;
			buildConfigurations = (
				D0134D37210C999B006FCDA5 /* Debug */,
				D0134D38210C999B006FCDA5 /* Release */,
			);
			defaultConfigurationIsVisible = 0;
			defaultConfigurationName = Release;
		};
		D0134D39210C999B006FCDA5 /* Build configuration list for PBXNativeTarget "finalTableView" */ = {
			isa = XCConfigurationList;
			buildConfigurations = (
				D0134D3A210C999B006FCDA5 /* Debug */,
				D0134D3B210C999B006FCDA5 /* Release */,
			);
			defaultConfigurationIsVisible = 0;
			defaultConfigurationName = Release;
		};
/* End XCConfigurationList section */
	};
	rootObject = D0134D1F210C9999006FCDA5 /* Project object */;
}
